
Microsoft Visual Studio Solution File, Format Version 12.00
# Visual Studio Version 17
VisualStudioVersion = 17.7.34202.233
MinimumVisualStudioVersion = 10.0.40219.1
Project("{FAE04EC0-301F-11D3-BF4B-00C04F79EFBC}") = "SkyApp", "SkyApp\SkyApp.csproj", "{71F92337-EF5E-4B98-B5A2-A3B9DB9F2CE9}"
EndProject
Global
	GlobalSection(SolutionConfigurationPlatforms) = preSolution
		Debug|Any CPU = Debug|Any CPU
		Release|Any CPU = Release|Any CPU
	EndGlobalSection
	GlobalSection(ProjectConfigurationPlatforms) = postSolution
		{71F92337-EF5E-4B98-B5A2-A3B9DB9F2CE9}.Debug|Any CPU.ActiveCfg = Debug|Any CPU
		{71F92337-EF5E-4B98-B5A2-A3B9DB9F2CE9}.Debug|Any CPU.Build.0 = Debug|Any CPU
		{71F92337-EF5E-4B98-B5A2-A3B9DB9F2CE9}.Release|Any CPU.ActiveCfg = Release|Any CPU
		{71F92337-EF5E-4B98-B5A2-A3B9DB9F2CE9}.Release|Any CPU.Build.0 = Release|Any CPU
	EndGlobalSection
	GlobalSection(SolutionProperties) = preSolution
		HideSolutionNode = FALSE
	EndGlobalSection
	GlobalSection(ExtensibilityGlobals) = postSolution
		SolutionGuid = {F758DAB8-65A4-474C-B37F-094C683E9824}
	EndGlobalSection
EndGlobal
